
Microsoft Visual Studio Solution File, Format Version 12.00
# Visual Studio 2013
VisualStudioVersion = 12.0.21005.1
MinimumVisualStudioVersion = 10.0.40219.1
Project("{FAE04EC0-301F-11D3-BF4B-00C04F79EFBC}") = "Skjatexti", "Skjatexti\Skjatexti.csproj", "{8FFED871-97EC-452D-A920-5B7712B01348}"
EndProject
Project("{FAE04EC0-301F-11D3-BF4B-00C04F79EFBC}") = "Skjatexti.Tests", "Skjatexti.Tests\Skjatexti.Tests.csproj", "{62C80DA3-7FA6-4A2D-9C2E-7B19E69A904E}"
EndProject
Global
	GlobalSection(SolutionConfigurationPlatforms) = preSolution
		Debug|Any CPU = Debug|Any CPU
		Release|Any CPU = Release|Any CPU
	EndGlobalSection
	GlobalSection(ProjectConfigurationPlatforms) = postSolution
		{8FFED871-97EC-452D-A920-5B7712B01348}.Debug|Any CPU.ActiveCfg = Debug|Any CPU
		{8FFED871-97EC-452D-A920-5B7712B01348}.Debug|Any CPU.Build.0 = Debug|Any CPU
		{8FFED871-97EC-452D-A920-5B7712B01348}.Release|Any CPU.ActiveCfg = Release|Any CPU
		{8FFED871-97EC-452D-A920-5B7712B01348}.Release|Any CPU.Build.0 = Release|Any CPU
		{62C80DA3-7FA6-4A2D-9C2E-7B19E69A904E}.Debug|Any CPU.ActiveCfg = Debug|Any CPU
		{62C80DA3-7FA6-4A2D-9C2E-7B19E69A904E}.Debug|Any CPU.Build.0 = Debug|Any CPU
		{62C80DA3-7FA6-4A2D-9C2E-7B19E69A904E}.Release|Any CPU.ActiveCfg = Release|Any CPU
		{62C80DA3-7FA6-4A2D-9C2E-7B19E69A904E}.Release|Any CPU.Build.0 = Release|Any CPU
	EndGlobalSection
	GlobalSection(SolutionProperties) = preSolution
		HideSolutionNode = FALSE
	EndGlobalSection
EndGlobal
